# This file is automatically @generated by Cargo.
# It is not intended for manual editing.
[[package]]
name = "adler32"
version = "1.0.4"
source = "registry+https://github.com/rust-lang/crates.io-index"

[[package]]
name = "aho-corasick"
version = "0.7.10"
source = "registry+https://github.com/rust-lang/crates.io-index"
dependencies = [
 "memchr 2.3.3 (registry+https://github.com/rust-lang/crates.io-index)",
]

[[package]]
name = "arc-swap"
version = "0.4.5"
source = "registry+https://github.com/rust-lang/crates.io-index"

[[package]]
name = "arrayvec"
version = "0.4.12"
source = "registry+https://github.com/rust-lang/crates.io-index"
dependencies = [
 "nodrop 0.1.14 (registry+https://github.com/rust-lang/crates.io-index)",
]

[[package]]
name = "atomic-option"
version = "0.1.2"
source = "registry+https://github.com/rust-lang/crates.io-index"

[[package]]
name = "autocfg"
version = "1.0.0"
source = "registry+https://github.com/rust-lang/crates.io-index"

[[package]]
name = "bincode"
version = "1.2.1"
source = "registry+https://github.com/rust-lang/crates.io-index"
dependencies = [
 "byteorder 1.3.4 (registry+https://github.com/rust-lang/crates.io-index)",
 "serde 1.0.105 (registry+https://github.com/rust-lang/crates.io-index)",
]

[[package]]
name = "bitflags"
version = "1.2.1"
source = "registry+https://github.com/rust-lang/crates.io-index"

[[package]]
name = "bus"
version = "2.2.3"
source = "registry+https://github.com/rust-lang/crates.io-index"
dependencies = [
 "atomic-option 0.1.2 (registry+https://github.com/rust-lang/crates.io-index)",
 "crossbeam-channel 0.4.2 (registry+https://github.com/rust-lang/crates.io-index)",
 "num_cpus 1.12.0 (registry+https://github.com/rust-lang/crates.io-index)",
 "parking_lot_core 0.7.0 (registry+https://github.com/rust-lang/crates.io-index)",
]

[[package]]
name = "byteorder"
version = "1.3.4"
source = "registry+https://github.com/rust-lang/crates.io-index"

[[package]]
name = "cc"
version = "1.0.50"
source = "registry+https://github.com/rust-lang/crates.io-index"

[[package]]
name = "cesu8"
version = "1.1.0"
source = "registry+https://github.com/rust-lang/crates.io-index"

[[package]]
name = "cfg-if"
version = "0.1.10"
source = "registry+https://github.com/rust-lang/crates.io-index"

[[package]]
name = "cloudabi"
version = "0.0.3"
source = "registry+https://github.com/rust-lang/crates.io-index"
dependencies = [
 "bitflags 1.2.1 (registry+https://github.com/rust-lang/crates.io-index)",
]

[[package]]
name = "config"
version = "0.10.1"
source = "registry+https://github.com/rust-lang/crates.io-index"
dependencies = [
 "lazy_static 1.4.0 (registry+https://github.com/rust-lang/crates.io-index)",
 "nom 5.1.1 (registry+https://github.com/rust-lang/crates.io-index)",
 "rust-ini 0.13.0 (registry+https://github.com/rust-lang/crates.io-index)",
 "serde 1.0.105 (registry+https://github.com/rust-lang/crates.io-index)",
 "serde-hjson 0.9.1 (registry+https://github.com/rust-lang/crates.io-index)",
 "serde_json 1.0.50 (registry+https://github.com/rust-lang/crates.io-index)",
 "toml 0.5.6 (registry+https://github.com/rust-lang/crates.io-index)",
 "yaml-rust 0.4.3 (registry+https://github.com/rust-lang/crates.io-index)",
]

[[package]]
name = "crc32fast"
version = "1.2.0"
source = "registry+https://github.com/rust-lang/crates.io-index"
dependencies = [
 "cfg-if 0.1.10 (registry+https://github.com/rust-lang/crates.io-index)",
]

[[package]]
name = "crossbeam-channel"
version = "0.4.2"
source = "registry+https://github.com/rust-lang/crates.io-index"
dependencies = [
 "crossbeam-utils 0.7.2 (registry+https://github.com/rust-lang/crates.io-index)",
 "maybe-uninit 2.0.0 (registry+https://github.com/rust-lang/crates.io-index)",
]

[[package]]
name = "crossbeam-utils"
version = "0.7.2"
source = "registry+https://github.com/rust-lang/crates.io-index"
dependencies = [
 "autocfg 1.0.0 (registry+https://github.com/rust-lang/crates.io-index)",
 "cfg-if 0.1.10 (registry+https://github.com/rust-lang/crates.io-index)",
 "lazy_static 1.4.0 (registry+https://github.com/rust-lang/crates.io-index)",
]

[[package]]
name = "flate2"
version = "0.2.20"
source = "registry+https://github.com/rust-lang/crates.io-index"
dependencies = [
 "libc 0.2.68 (registry+https://github.com/rust-lang/crates.io-index)",
 "miniz-sys 0.1.12 (registry+https://github.com/rust-lang/crates.io-index)",
]

[[package]]
name = "flate2"
version = "1.0.14"
source = "registry+https://github.com/rust-lang/crates.io-index"
dependencies = [
 "cfg-if 0.1.10 (registry+https://github.com/rust-lang/crates.io-index)",
 "crc32fast 1.2.0 (registry+https://github.com/rust-lang/crates.io-index)",
 "libc 0.2.68 (registry+https://github.com/rust-lang/crates.io-index)",
 "miniz_oxide 0.3.6 (registry+https://github.com/rust-lang/crates.io-index)",
]

[[package]]
name = "hematite-nbt"
version = "0.4.1"
source = "registry+https://github.com/rust-lang/crates.io-index"
dependencies = [
 "byteorder 1.3.4 (registry+https://github.com/rust-lang/crates.io-index)",
 "cesu8 1.1.0 (registry+https://github.com/rust-lang/crates.io-index)",
 "flate2 0.2.20 (registry+https://github.com/rust-lang/crates.io-index)",
 "serde 1.0.105 (registry+https://github.com/rust-lang/crates.io-index)",
]

[[package]]
name = "hermit-abi"
version = "0.1.10"
source = "registry+https://github.com/rust-lang/crates.io-index"
dependencies = [
 "libc 0.2.68 (registry+https://github.com/rust-lang/crates.io-index)",
]

[[package]]
name = "itoa"
version = "0.4.5"
source = "registry+https://github.com/rust-lang/crates.io-index"

[[package]]
name = "lazy_static"
version = "1.4.0"
source = "registry+https://github.com/rust-lang/crates.io-index"

[[package]]
name = "lexical-core"
version = "0.6.2"
source = "registry+https://github.com/rust-lang/crates.io-index"
dependencies = [
 "arrayvec 0.4.12 (registry+https://github.com/rust-lang/crates.io-index)",
 "cfg-if 0.1.10 (registry+https://github.com/rust-lang/crates.io-index)",
 "rustc_version 0.2.3 (registry+https://github.com/rust-lang/crates.io-index)",
 "ryu 1.0.3 (registry+https://github.com/rust-lang/crates.io-index)",
 "static_assertions 0.3.4 (registry+https://github.com/rust-lang/crates.io-index)",
]

[[package]]
name = "libc"
version = "0.2.68"
source = "registry+https://github.com/rust-lang/crates.io-index"

[[package]]
name = "linked-hash-map"
version = "0.3.0"
source = "registry+https://github.com/rust-lang/crates.io-index"
dependencies = [
 "serde 0.8.23 (registry+https://github.com/rust-lang/crates.io-index)",
 "serde_test 0.8.23 (registry+https://github.com/rust-lang/crates.io-index)",
]

[[package]]
name = "linked-hash-map"
version = "0.5.2"
source = "registry+https://github.com/rust-lang/crates.io-index"

[[package]]
name = "maybe-uninit"
version = "2.0.0"
source = "registry+https://github.com/rust-lang/crates.io-index"

[[package]]
name = "mchprs"
version = "0.1.0"
dependencies = [
 "arc-swap 0.4.5 (registry+https://github.com/rust-lang/crates.io-index)",
 "bincode 1.2.1 (registry+https://github.com/rust-lang/crates.io-index)",
 "bitflags 1.2.1 (registry+https://github.com/rust-lang/crates.io-index)",
 "bus 2.2.3 (registry+https://github.com/rust-lang/crates.io-index)",
 "byteorder 1.3.4 (registry+https://github.com/rust-lang/crates.io-index)",
 "config 0.10.1 (registry+https://github.com/rust-lang/crates.io-index)",
 "flate2 1.0.14 (registry+https://github.com/rust-lang/crates.io-index)",
 "hematite-nbt 0.4.1 (registry+https://github.com/rust-lang/crates.io-index)",
 "md5 0.7.0 (registry+https://github.com/rust-lang/crates.io-index)",
 "serde 1.0.105 (registry+https://github.com/rust-lang/crates.io-index)",
 "serde_json 1.0.50 (registry+https://github.com/rust-lang/crates.io-index)",
]

[[package]]
name = "md5"
version = "0.7.0"
source = "registry+https://github.com/rust-lang/crates.io-index"

[[package]]
name = "memchr"
version = "2.3.3"
source = "registry+https://github.com/rust-lang/crates.io-index"

[[package]]
name = "miniz-sys"
version = "0.1.12"
source = "registry+https://github.com/rust-lang/crates.io-index"
dependencies = [
 "cc 1.0.50 (registry+https://github.com/rust-lang/crates.io-index)",
 "libc 0.2.68 (registry+https://github.com/rust-lang/crates.io-index)",
]

[[package]]
name = "miniz_oxide"
version = "0.3.6"
source = "registry+https://github.com/rust-lang/crates.io-index"
dependencies = [
 "adler32 1.0.4 (registry+https://github.com/rust-lang/crates.io-index)",
]

[[package]]
name = "nodrop"
version = "0.1.14"
source = "registry+https://github.com/rust-lang/crates.io-index"

[[package]]
name = "nom"
version = "5.1.1"
source = "registry+https://github.com/rust-lang/crates.io-index"
dependencies = [
 "lexical-core 0.6.2 (registry+https://github.com/rust-lang/crates.io-index)",
 "memchr 2.3.3 (registry+https://github.com/rust-lang/crates.io-index)",
 "version_check 0.9.1 (registry+https://github.com/rust-lang/crates.io-index)",
]

[[package]]
name = "num-traits"
version = "0.1.43"
source = "registry+https://github.com/rust-lang/crates.io-index"
dependencies = [
 "num-traits 0.2.11 (registry+https://github.com/rust-lang/crates.io-index)",
]

[[package]]
name = "num-traits"
version = "0.2.11"
source = "registry+https://github.com/rust-lang/crates.io-index"
dependencies = [
 "autocfg 1.0.0 (registry+https://github.com/rust-lang/crates.io-index)",
]

[[package]]
name = "num_cpus"
version = "1.12.0"
source = "registry+https://github.com/rust-lang/crates.io-index"
dependencies = [
 "hermit-abi 0.1.10 (registry+https://github.com/rust-lang/crates.io-index)",
 "libc 0.2.68 (registry+https://github.com/rust-lang/crates.io-index)",
]

[[package]]
name = "parking_lot_core"
version = "0.7.0"
source = "registry+https://github.com/rust-lang/crates.io-index"
dependencies = [
 "cfg-if 0.1.10 (registry+https://github.com/rust-lang/crates.io-index)",
 "cloudabi 0.0.3 (registry+https://github.com/rust-lang/crates.io-index)",
 "libc 0.2.68 (registry+https://github.com/rust-lang/crates.io-index)",
 "redox_syscall 0.1.56 (registry+https://github.com/rust-lang/crates.io-index)",
 "smallvec 1.2.0 (registry+https://github.com/rust-lang/crates.io-index)",
 "winapi 0.3.8 (registry+https://github.com/rust-lang/crates.io-index)",
]

[[package]]
name = "proc-macro2"
version = "1.0.10"
source = "registry+https://github.com/rust-lang/crates.io-index"
dependencies = [
 "unicode-xid 0.2.0 (registry+https://github.com/rust-lang/crates.io-index)",
]

[[package]]
name = "quote"
version = "1.0.3"
source = "registry+https://github.com/rust-lang/crates.io-index"
dependencies = [
 "proc-macro2 1.0.10 (registry+https://github.com/rust-lang/crates.io-index)",
]

[[package]]
name = "redox_syscall"
version = "0.1.56"
source = "registry+https://github.com/rust-lang/crates.io-index"

[[package]]
name = "regex"
version = "1.3.6"
source = "registry+https://github.com/rust-lang/crates.io-index"
dependencies = [
 "aho-corasick 0.7.10 (registry+https://github.com/rust-lang/crates.io-index)",
 "memchr 2.3.3 (registry+https://github.com/rust-lang/crates.io-index)",
 "regex-syntax 0.6.17 (registry+https://github.com/rust-lang/crates.io-index)",
 "thread_local 1.0.1 (registry+https://github.com/rust-lang/crates.io-index)",
]

[[package]]
name = "regex-syntax"
version = "0.6.17"
source = "registry+https://github.com/rust-lang/crates.io-index"

[[package]]
name = "rust-ini"
version = "0.13.0"
source = "registry+https://github.com/rust-lang/crates.io-index"

[[package]]
name = "rustc_version"
version = "0.2.3"
source = "registry+https://github.com/rust-lang/crates.io-index"
dependencies = [
 "semver 0.9.0 (registry+https://github.com/rust-lang/crates.io-index)",
]

[[package]]
name = "ryu"
version = "1.0.3"
source = "registry+https://github.com/rust-lang/crates.io-index"

[[package]]
name = "semver"
version = "0.9.0"
source = "registry+https://github.com/rust-lang/crates.io-index"
dependencies = [
 "semver-parser 0.7.0 (registry+https://github.com/rust-lang/crates.io-index)",
]

[[package]]
name = "semver-parser"
version = "0.7.0"
source = "registry+https://github.com/rust-lang/crates.io-index"

[[package]]
name = "serde"
version = "0.8.23"
source = "registry+https://github.com/rust-lang/crates.io-index"

[[package]]
name = "serde"
version = "1.0.105"
source = "registry+https://github.com/rust-lang/crates.io-index"
dependencies = [
 "serde_derive 1.0.105 (registry+https://github.com/rust-lang/crates.io-index)",
]

[[package]]
name = "serde-hjson"
version = "0.9.1"
source = "registry+https://github.com/rust-lang/crates.io-index"
dependencies = [
 "lazy_static 1.4.0 (registry+https://github.com/rust-lang/crates.io-index)",
 "linked-hash-map 0.3.0 (registry+https://github.com/rust-lang/crates.io-index)",
 "num-traits 0.1.43 (registry+https://github.com/rust-lang/crates.io-index)",
 "regex 1.3.6 (registry+https://github.com/rust-lang/crates.io-index)",
 "serde 0.8.23 (registry+https://github.com/rust-lang/crates.io-index)",
]

[[package]]
name = "serde_derive"
version = "1.0.105"
source = "registry+https://github.com/rust-lang/crates.io-index"
dependencies = [
 "proc-macro2 1.0.10 (registry+https://github.com/rust-lang/crates.io-index)",
 "quote 1.0.3 (registry+https://github.com/rust-lang/crates.io-index)",
 "syn 1.0.17 (registry+https://github.com/rust-lang/crates.io-index)",
]

[[package]]
name = "serde_json"
version = "1.0.50"
source = "registry+https://github.com/rust-lang/crates.io-index"
dependencies = [
 "itoa 0.4.5 (registry+https://github.com/rust-lang/crates.io-index)",
 "ryu 1.0.3 (registry+https://github.com/rust-lang/crates.io-index)",
 "serde 1.0.105 (registry+https://github.com/rust-lang/crates.io-index)",
]

[[package]]
name = "serde_test"
version = "0.8.23"
source = "registry+https://github.com/rust-lang/crates.io-index"
dependencies = [
 "serde 0.8.23 (registry+https://github.com/rust-lang/crates.io-index)",
]

[[package]]
name = "smallvec"
version = "1.2.0"
source = "registry+https://github.com/rust-lang/crates.io-index"

[[package]]
name = "static_assertions"
version = "0.3.4"
source = "registry+https://github.com/rust-lang/crates.io-index"

[[package]]
name = "syn"
version = "1.0.17"
source = "registry+https://github.com/rust-lang/crates.io-index"
dependencies = [
 "proc-macro2 1.0.10 (registry+https://github.com/rust-lang/crates.io-index)",
 "quote 1.0.3 (registry+https://github.com/rust-lang/crates.io-index)",
 "unicode-xid 0.2.0 (registry+https://github.com/rust-lang/crates.io-index)",
]

[[package]]
name = "thread_local"
version = "1.0.1"
source = "registry+https://github.com/rust-lang/crates.io-index"
dependencies = [
 "lazy_static 1.4.0 (registry+https://github.com/rust-lang/crates.io-index)",
]

[[package]]
name = "toml"
version = "0.5.6"
source = "registry+https://github.com/rust-lang/crates.io-index"
dependencies = [
 "serde 1.0.105 (registry+https://github.com/rust-lang/crates.io-index)",
]

[[package]]
name = "unicode-xid"
version = "0.2.0"
source = "registry+https://github.com/rust-lang/crates.io-index"

[[package]]
name = "version_check"
version = "0.9.1"
source = "registry+https://github.com/rust-lang/crates.io-index"

[[package]]
name = "winapi"
version = "0.3.8"
source = "registry+https://github.com/rust-lang/crates.io-index"
dependencies = [
 "winapi-i686-pc-windows-gnu 0.4.0 (registry+https://github.com/rust-lang/crates.io-index)",
 "winapi-x86_64-pc-windows-gnu 0.4.0 (registry+https://github.com/rust-lang/crates.io-index)",
]

[[package]]
name = "winapi-i686-pc-windows-gnu"
version = "0.4.0"
source = "registry+https://github.com/rust-lang/crates.io-index"

[[package]]
name = "winapi-x86_64-pc-windows-gnu"
version = "0.4.0"
source = "registry+https://github.com/rust-lang/crates.io-index"

[[package]]
name = "yaml-rust"
version = "0.4.3"
source = "registry+https://github.com/rust-lang/crates.io-index"
dependencies = [
 "linked-hash-map 0.5.2 (registry+https://github.com/rust-lang/crates.io-index)",
]

[metadata]
"checksum adler32 1.0.4 (registry+https://github.com/rust-lang/crates.io-index)" = "5d2e7343e7fc9de883d1b0341e0b13970f764c14101234857d2ddafa1cb1cac2"
"checksum aho-corasick 0.7.10 (registry+https://github.com/rust-lang/crates.io-index)" = "8716408b8bc624ed7f65d223ddb9ac2d044c0547b6fa4b0d554f3a9540496ada"
"checksum arc-swap 0.4.5 (registry+https://github.com/rust-lang/crates.io-index)" = "d663a8e9a99154b5fb793032533f6328da35e23aac63d5c152279aa8ba356825"
"checksum arrayvec 0.4.12 (registry+https://github.com/rust-lang/crates.io-index)" = "cd9fd44efafa8690358b7408d253adf110036b88f55672a933f01d616ad9b1b9"
"checksum atomic-option 0.1.2 (registry+https://github.com/rust-lang/crates.io-index)" = "0db678acb667b525ac40a324fc5f7d3390e29239b31c7327bb8157f5b4fff593"
"checksum autocfg 1.0.0 (registry+https://github.com/rust-lang/crates.io-index)" = "f8aac770f1885fd7e387acedd76065302551364496e46b3dd00860b2f8359b9d"
"checksum bincode 1.2.1 (registry+https://github.com/rust-lang/crates.io-index)" = "5753e2a71534719bf3f4e57006c3a4f0d2c672a4b676eec84161f763eca87dbf"
"checksum bitflags 1.2.1 (registry+https://github.com/rust-lang/crates.io-index)" = "cf1de2fe8c75bc145a2f577add951f8134889b4795d47466a54a5c846d691693"
"checksum bus 2.2.3 (registry+https://github.com/rust-lang/crates.io-index)" = "f1e66e1779f5b1440f1a58220ba3b3ded4427175f0a9fb8d7066521f8b4e8f2b"
"checksum byteorder 1.3.4 (registry+https://github.com/rust-lang/crates.io-index)" = "08c48aae112d48ed9f069b33538ea9e3e90aa263cfa3d1c24309612b1f7472de"
"checksum cc 1.0.50 (registry+https://github.com/rust-lang/crates.io-index)" = "95e28fa049fda1c330bcf9d723be7663a899c4679724b34c81e9f5a326aab8cd"
"checksum cesu8 1.1.0 (registry+https://github.com/rust-lang/crates.io-index)" = "6d43a04d8753f35258c91f8ec639f792891f748a1edbd759cf1dcea3382ad83c"
"checksum cfg-if 0.1.10 (registry+https://github.com/rust-lang/crates.io-index)" = "4785bdd1c96b2a846b2bd7cc02e86b6b3dbf14e7e53446c4f54c92a361040822"
"checksum cloudabi 0.0.3 (registry+https://github.com/rust-lang/crates.io-index)" = "ddfc5b9aa5d4507acaf872de71051dfd0e309860e88966e1051e462a077aac4f"
"checksum config 0.10.1 (registry+https://github.com/rust-lang/crates.io-index)" = "19b076e143e1d9538dde65da30f8481c2a6c44040edb8e02b9bf1351edb92ce3"
"checksum crc32fast 1.2.0 (registry+https://github.com/rust-lang/crates.io-index)" = "ba125de2af0df55319f41944744ad91c71113bf74a4646efff39afe1f6842db1"
"checksum crossbeam-channel 0.4.2 (registry+https://github.com/rust-lang/crates.io-index)" = "cced8691919c02aac3cb0a1bc2e9b73d89e832bf9a06fc579d4e71b68a2da061"
"checksum crossbeam-utils 0.7.2 (registry+https://github.com/rust-lang/crates.io-index)" = "c3c7c73a2d1e9fc0886a08b93e98eb643461230d5f1925e4036204d5f2e261a8"
"checksum flate2 0.2.20 (registry+https://github.com/rust-lang/crates.io-index)" = "e6234dd4468ae5d1e2dbb06fe2b058696fdc50a339c68a393aefbf00bc81e423"
"checksum flate2 1.0.14 (registry+https://github.com/rust-lang/crates.io-index)" = "2cfff41391129e0a856d6d822600b8d71179d46879e310417eb9c762eb178b42"
"checksum hematite-nbt 0.4.1 (registry+https://github.com/rust-lang/crates.io-index)" = "98b407a33bb1715a4cf0276edfe8df52352c55b2a3703c5079adedf398b92932"
"checksum hermit-abi 0.1.10 (registry+https://github.com/rust-lang/crates.io-index)" = "725cf19794cf90aa94e65050cb4191ff5d8fa87a498383774c47b332e3af952e"
"checksum itoa 0.4.5 (registry+https://github.com/rust-lang/crates.io-index)" = "b8b7a7c0c47db5545ed3fef7468ee7bb5b74691498139e4b3f6a20685dc6dd8e"
"checksum lazy_static 1.4.0 (registry+https://github.com/rust-lang/crates.io-index)" = "e2abad23fbc42b3700f2f279844dc832adb2b2eb069b2df918f455c4e18cc646"
"checksum lexical-core 0.6.2 (registry+https://github.com/rust-lang/crates.io-index)" = "d7043aa5c05dd34fb73b47acb8c3708eac428de4545ea3682ed2f11293ebd890"
"checksum libc 0.2.68 (registry+https://github.com/rust-lang/crates.io-index)" = "dea0c0405123bba743ee3f91f49b1c7cfb684eef0da0a50110f758ccf24cdff0"
"checksum linked-hash-map 0.3.0 (registry+https://github.com/rust-lang/crates.io-index)" = "6d262045c5b87c0861b3f004610afd0e2c851e2908d08b6c870cbb9d5f494ecd"
"checksum linked-hash-map 0.5.2 (registry+https://github.com/rust-lang/crates.io-index)" = "ae91b68aebc4ddb91978b11a1b02ddd8602a05ec19002801c5666000e05e0f83"
"checksum maybe-uninit 2.0.0 (registry+https://github.com/rust-lang/crates.io-index)" = "60302e4db3a61da70c0cb7991976248362f30319e88850c487b9b95bbf059e00"
"checksum md5 0.7.0 (registry+https://github.com/rust-lang/crates.io-index)" = "490cc448043f947bae3cbee9c203358d62dbee0db12107a74be5c30ccfd09771"
"checksum memchr 2.3.3 (registry+https://github.com/rust-lang/crates.io-index)" = "3728d817d99e5ac407411fa471ff9800a778d88a24685968b36824eaf4bee400"
"checksum miniz-sys 0.1.12 (registry+https://github.com/rust-lang/crates.io-index)" = "1e9e3ae51cea1576ceba0dde3d484d30e6e5b86dee0b2d412fe3a16a15c98202"
"checksum miniz_oxide 0.3.6 (registry+https://github.com/rust-lang/crates.io-index)" = "aa679ff6578b1cddee93d7e82e263b94a575e0bfced07284eb0c037c1d2416a5"
"checksum nodrop 0.1.14 (registry+https://github.com/rust-lang/crates.io-index)" = "72ef4a56884ca558e5ddb05a1d1e7e1bfd9a68d9ed024c21704cc98872dae1bb"
"checksum nom 5.1.1 (registry+https://github.com/rust-lang/crates.io-index)" = "0b471253da97532da4b61552249c521e01e736071f71c1a4f7ebbfbf0a06aad6"
"checksum num-traits 0.1.43 (registry+https://github.com/rust-lang/crates.io-index)" = "92e5113e9fd4cc14ded8e499429f396a20f98c772a47cc8622a736e1ec843c31"
"checksum num-traits 0.2.11 (registry+https://github.com/rust-lang/crates.io-index)" = "c62be47e61d1842b9170f0fdeec8eba98e60e90e5446449a0545e5152acd7096"
"checksum num_cpus 1.12.0 (registry+https://github.com/rust-lang/crates.io-index)" = "46203554f085ff89c235cd12f7075f3233af9b11ed7c9e16dfe2560d03313ce6"
"checksum parking_lot_core 0.7.0 (registry+https://github.com/rust-lang/crates.io-index)" = "7582838484df45743c8434fbff785e8edf260c28748353d44bc0da32e0ceabf1"
"checksum proc-macro2 1.0.10 (registry+https://github.com/rust-lang/crates.io-index)" = "df246d292ff63439fea9bc8c0a270bed0e390d5ebd4db4ba15aba81111b5abe3"
"checksum quote 1.0.3 (registry+https://github.com/rust-lang/crates.io-index)" = "2bdc6c187c65bca4260c9011c9e3132efe4909da44726bad24cf7572ae338d7f"
"checksum redox_syscall 0.1.56 (registry+https://github.com/rust-lang/crates.io-index)" = "2439c63f3f6139d1b57529d16bc3b8bb855230c8efcc5d3a896c8bea7c3b1e84"
"checksum regex 1.3.6 (registry+https://github.com/rust-lang/crates.io-index)" = "7f6946991529684867e47d86474e3a6d0c0ab9b82d5821e314b1ede31fa3a4b3"
"checksum regex-syntax 0.6.17 (registry+https://github.com/rust-lang/crates.io-index)" = "7fe5bd57d1d7414c6b5ed48563a2c855d995ff777729dcd91c369ec7fea395ae"
"checksum rust-ini 0.13.0 (registry+https://github.com/rust-lang/crates.io-index)" = "3e52c148ef37f8c375d49d5a73aa70713125b7f19095948a923f80afdeb22ec2"
"checksum rustc_version 0.2.3 (registry+https://github.com/rust-lang/crates.io-index)" = "138e3e0acb6c9fb258b19b67cb8abd63c00679d2851805ea151465464fe9030a"
"checksum ryu 1.0.3 (registry+https://github.com/rust-lang/crates.io-index)" = "535622e6be132bccd223f4bb2b8ac8d53cda3c7a6394944d3b2b33fb974f9d76"
"checksum semver 0.9.0 (registry+https://github.com/rust-lang/crates.io-index)" = "1d7eb9ef2c18661902cc47e535f9bc51b78acd254da71d375c2f6720d9a40403"
"checksum semver-parser 0.7.0 (registry+https://github.com/rust-lang/crates.io-index)" = "388a1df253eca08550bef6c72392cfe7c30914bf41df5269b68cbd6ff8f570a3"
"checksum serde 0.8.23 (registry+https://github.com/rust-lang/crates.io-index)" = "9dad3f759919b92c3068c696c15c3d17238234498bbdcc80f2c469606f948ac8"
"checksum serde 1.0.105 (registry+https://github.com/rust-lang/crates.io-index)" = "e707fbbf255b8fc8c3b99abb91e7257a622caeb20a9818cbadbeeede4e0932ff"
"checksum serde-hjson 0.9.1 (registry+https://github.com/rust-lang/crates.io-index)" = "6a3a4e0ea8a88553209f6cc6cfe8724ecad22e1acf372793c27d995290fe74f8"
"checksum serde_derive 1.0.105 (registry+https://github.com/rust-lang/crates.io-index)" = "ac5d00fc561ba2724df6758a17de23df5914f20e41cb00f94d5b7ae42fffaff8"
"checksum serde_json 1.0.50 (registry+https://github.com/rust-lang/crates.io-index)" = "78a7a12c167809363ec3bd7329fc0a3369056996de43c4b37ef3cd54a6ce4867"
"checksum serde_test 0.8.23 (registry+https://github.com/rust-lang/crates.io-index)" = "110b3dbdf8607ec493c22d5d947753282f3bae73c0f56d322af1e8c78e4c23d5"
"checksum smallvec 1.2.0 (registry+https://github.com/rust-lang/crates.io-index)" = "5c2fb2ec9bcd216a5b0d0ccf31ab17b5ed1d627960edff65bbe95d3ce221cefc"
"checksum static_assertions 0.3.4 (registry+https://github.com/rust-lang/crates.io-index)" = "7f3eb36b47e512f8f1c9e3d10c2c1965bc992bd9cdb024fa581e2194501c83d3"
"checksum syn 1.0.17 (registry+https://github.com/rust-lang/crates.io-index)" = "0df0eb663f387145cab623dea85b09c2c5b4b0aef44e945d928e682fce71bb03"
"checksum thread_local 1.0.1 (registry+https://github.com/rust-lang/crates.io-index)" = "d40c6d1b69745a6ec6fb1ca717914848da4b44ae29d9b3080cbee91d72a69b14"
"checksum toml 0.5.6 (registry+https://github.com/rust-lang/crates.io-index)" = "ffc92d160b1eef40665be3a05630d003936a3bc7da7421277846c2613e92c71a"
"checksum unicode-xid 0.2.0 (registry+https://github.com/rust-lang/crates.io-index)" = "826e7639553986605ec5979c7dd957c7895e93eabed50ab2ffa7f6128a75097c"
"checksum version_check 0.9.1 (registry+https://github.com/rust-lang/crates.io-index)" = "078775d0255232fb988e6fccf26ddc9d1ac274299aaedcedce21c6f72cc533ce"
"checksum winapi 0.3.8 (registry+https://github.com/rust-lang/crates.io-index)" = "8093091eeb260906a183e6ae1abdba2ef5ef2257a21801128899c3fc699229c6"
"checksum winapi-i686-pc-windows-gnu 0.4.0 (registry+https://github.com/rust-lang/crates.io-index)" = "ac3b87c63620426dd9b991e5ce0329eff545bccbbb34f3be09ff6fb6ab51b7b6"
"checksum winapi-x86_64-pc-windows-gnu 0.4.0 (registry+https://github.com/rust-lang/crates.io-index)" = "712e227841d057c1ee1cd2fb22fa7e5a5461ae8e48fa2ca79ec42cfc1931183f"
"checksum yaml-rust 0.4.3 (registry+https://github.com/rust-lang/crates.io-index)" = "65923dd1784f44da1d2c3dbbc5e822045628c590ba72123e1c73d3c230c4434d"
